
Microsoft Visual Studio Solution File, Format Version 12.00
# Visual Studio Version 16
VisualStudioVersion = 16.0.29424.173
MinimumVisualStudioVersion = 10.0.40219.1
Project("{9A19103F-16F7-4668-BE54-9A1E7A4F7556}") = "EfCoreTemporalTable", "EfCoreTemporalTable.csproj", "{FEDC6C2C-48ED-4C3B-A696-3DC8CDFA3600}"
EndProject
Project("{2150E333-8FDC-42A3-9474-1A3956D46DE8}") = "workflows", "workflows", "{EC326EB8-DFE7-47D6-A29E-3302D6109D76}"
	ProjectSection(SolutionItems) = preProject
		..\.github\workflows\codeql-analysis.yml = ..\.github\workflows\codeql-analysis.yml
		..\.github\workflows\PushToNuget.yml = ..\.github\workflows\PushToNuget.yml
	EndProjectSection
EndProject
Global
	GlobalSection(SolutionConfigurationPlatforms) = preSolution
		Debug|Any CPU = Debug|Any CPU
		Release|Any CPU = Release|Any CPU
	EndGlobalSection
	GlobalSection(ProjectConfigurationPlatforms) = postSolution
		{FEDC6C2C-48ED-4C3B-A696-3DC8CDFA3600}.Debug|Any CPU.ActiveCfg = Debug|Any CPU
		{FEDC6C2C-48ED-4C3B-A696-3DC8CDFA3600}.Debug|Any CPU.Build.0 = Debug|Any CPU
		{FEDC6C2C-48ED-4C3B-A696-3DC8CDFA3600}.Release|Any CPU.ActiveCfg = Release|Any CPU
		{FEDC6C2C-48ED-4C3B-A696-3DC8CDFA3600}.Release|Any CPU.Build.0 = Release|Any CPU
	EndGlobalSection
	GlobalSection(SolutionProperties) = preSolution
		HideSolutionNode = FALSE
	EndGlobalSection
	GlobalSection(ExtensibilityGlobals) = postSolution
		SolutionGuid = {7DA8D0ED-DADF-49E8-A08E-E45777749C80}
	EndGlobalSection
EndGlobal
